
Microsoft Visual Studio Solution File, Format Version 12.00
# Visual Studio Version 17
VisualStudioVersion = 17.8.34525.116
MinimumVisualStudioVersion = 10.0.40219.1
Project("{FAE04EC0-301F-11D3-BF4B-00C04F79EFBC}") = "MediatR", "MediatR\MediatR.csproj", "{D1CF44DD-223E-4CA5-8310-48823B3763A6}"
EndProject
Global
	GlobalSection(SolutionConfigurationPlatforms) = preSolution
		Debug|Any CPU = Debug|Any CPU
		Release|Any CPU = Release|Any CPU
	EndGlobalSection
	GlobalSection(ProjectConfigurationPlatforms) = postSolution
		{D1CF44DD-223E-4CA5-8310-48823B3763A6}.Debug|Any CPU.ActiveCfg = Debug|Any CPU
		{D1CF44DD-223E-4CA5-8310-48823B3763A6}.Debug|Any CPU.Build.0 = Debug|Any CPU
		{D1CF44DD-223E-4CA5-8310-48823B3763A6}.Release|Any CPU.ActiveCfg = Release|Any CPU
		{D1CF44DD-223E-4CA5-8310-48823B3763A6}.Release|Any CPU.Build.0 = Release|Any CPU
	EndGlobalSection
	GlobalSection(SolutionProperties) = preSolution
		HideSolutionNode = FALSE
	EndGlobalSection
	GlobalSection(ExtensibilityGlobals) = postSolution
		SolutionGuid = {361295FA-E9AE-4181-8222-B484F2C36E23}
	EndGlobalSection
EndGlobal
